// !$*UTF8*$!
{
	archiveVersion = 1;
	classes = {
	};
	objectVersion = 50;
	objects = {

/* Begin PBXBuildFile section */
		30AADF482277CBC100AE95B8 /* AppDelegate.swift in Sources */ = {isa = PBXBuildFile; fileRef = 30AADF472277CBC100AE95B8 /* AppDelegate.swift */; };
		30AADF4D2277CBC100AE95B8 /* Main.storyboard in Resources */ = {isa = PBXBuildFile; fileRef = 30AADF4B2277CBC100AE95B8 /* Main.storyboard */; };
		30AADF4F2277CBC200AE95B8 /* Assets.xcassets in Resources */ = {isa = PBXBuildFile; fileRef = 30AADF4E2277CBC200AE95B8 /* Assets.xcassets */; };
		30AADF522277CBC200AE95B8 /* LaunchScreen.storyboard in Resources */ = {isa = PBXBuildFile; fileRef = 30AADF502277CBC200AE95B8 /* LaunchScreen.storyboard */; };
		30AADFA12277CC7800AE95B8 /* LandingViewController.swift in Sources */ = {isa = PBXBuildFile; fileRef = 30AADFA02277CC7700AE95B8 /* LandingViewController.swift */; };
		30AADFA42277CCBD00AE95B8 /* SwiftYNAB.framework in Frameworks */ = {isa = PBXBuildFile; fileRef = 30AADFA32277CCBD00AE95B8 /* SwiftYNAB.framework */; };
		30E163322277DA4C00A1222B /* BudgetsTableViewController.swift in Sources */ = {isa = PBXBuildFile; fileRef = 30E163312277DA4C00A1222B /* BudgetsTableViewController.swift */; };
		30E163342277DFD600A1222B /* AccountsTableViewController.swift in Sources */ = {isa = PBXBuildFile; fileRef = 30E163332277DFD600A1222B /* AccountsTableViewController.swift */; };
		30E163382277E76400A1222B /* TransactionsTableViewController.swift in Sources */ = {isa = PBXBuildFile; fileRef = 30E163372277E76400A1222B /* TransactionsTableViewController.swift */; };
		30EBB51B22791EAE000FE07D /* TransactionTableViewCell.swift in Sources */ = {isa = PBXBuildFile; fileRef = 30EBB51A22791EAE000FE07D /* TransactionTableViewCell.swift */; };
/* End PBXBuildFile section */

/* Begin PBXFileReference section */
		30AADF442277CBC100AE95B8 /* SwiftYNAB-demo.app */ = {isa = PBXFileReference; explicitFileType = wrapper.application; includeInIndex = 0; path = "SwiftYNAB-demo.app"; sourceTree = BUILT_PRODUCTS_DIR; };
		30AADF472277CBC100AE95B8 /* AppDelegate.swift */ = {isa = PBXFileReference; lastKnownFileType = sourcecode.swift; path = AppDelegate.swift; sourceTree = "<group>"; };
		30AADF4C2277CBC100AE95B8 /* Base */ = {isa = PBXFileReference; lastKnownFileType = file.storyboard; name = Base; path = Base.lproj/Main.storyboard; sourceTree = "<group>"; };
		30AADF4E2277CBC200AE95B8 /* Assets.xcassets */ = {isa = PBXFileReference; lastKnownFileType = folder.assetcatalog; path = Assets.xcassets; sourceTree = "<group>"; };
		30AADF512277CBC200AE95B8 /* Base */ = {isa = PBXFileReference; lastKnownFileType = file.storyboard; name = Base; path = Base.lproj/LaunchScreen.storyboard; sourceTree = "<group>"; };
		30AADF532277CBC200AE95B8 /* Info.plist */ = {isa = PBXFileReference; lastKnownFileType = text.plist.xml; path = Info.plist; sourceTree = "<group>"; };
		30AADFA02277CC7700AE95B8 /* LandingViewController.swift */ = {isa = PBXFileReference; fileEncoding = 4; lastKnownFileType = sourcecode.swift; path = LandingViewController.swift; sourceTree = "<group>"; };
		30AADFA32277CCBD00AE95B8 /* SwiftYNAB.framework */ = {isa = PBXFileReference; explicitFileType = wrapper.framework; path = SwiftYNAB.framework; sourceTree = BUILT_PRODUCTS_DIR; };
		30E163312277DA4C00A1222B /* BudgetsTableViewController.swift */ = {isa = PBXFileReference; lastKnownFileType = sourcecode.swift; path = BudgetsTableViewController.swift; sourceTree = "<group>"; };
		30E163332277DFD600A1222B /* AccountsTableViewController.swift */ = {isa = PBXFileReference; lastKnownFileType = sourcecode.swift; path = AccountsTableViewController.swift; sourceTree = "<group>"; };
		30E163372277E76400A1222B /* TransactionsTableViewController.swift */ = {isa = PBXFileReference; lastKnownFileType = sourcecode.swift; path = TransactionsTableViewController.swift; sourceTree = "<group>"; };
		30EBB51A22791EAE000FE07D /* TransactionTableViewCell.swift */ = {isa = PBXFileReference; lastKnownFileType = sourcecode.swift; path = TransactionTableViewCell.swift; sourceTree = "<group>"; };
/* End PBXFileReference section */

/* Begin PBXFrameworksBuildPhase section */
		30AADF412277CBC100AE95B8 /* Frameworks */ = {
			isa = PBXFrameworksBuildPhase;
			buildActionMask = 2147483647;
			files = (
				30AADFA42277CCBD00AE95B8 /* SwiftYNAB.framework in Frameworks */,
			);
			runOnlyForDeploymentPostprocessing = 0;
		};
/* End PBXFrameworksBuildPhase section */

/* Begin PBXGroup section */
		30AADF3B2277CBC100AE95B8 = {
			isa = PBXGroup;
			children = (
				30AADF462277CBC100AE95B8 /* SwiftYNAB-demo */,
				30AADF452277CBC100AE95B8 /* Products */,
				30AADFA22277CCBD00AE95B8 /* Frameworks */,
			);
			sourceTree = "<group>";
		};
		30AADF452277CBC100AE95B8 /* Products */ = {
			isa = PBXGroup;
			children = (
				30AADF442277CBC100AE95B8 /* SwiftYNAB-demo.app */,
			);
			name = Products;
			sourceTree = "<group>";
		};
		30AADF462277CBC100AE95B8 /* SwiftYNAB-demo */ = {
			isa = PBXGroup;
			children = (
				30AADF532277CBC200AE95B8 /* Info.plist */,
				30E163332277DFD600A1222B /* AccountsTableViewController.swift */,
				30AADF472277CBC100AE95B8 /* AppDelegate.swift */,
				30E163312277DA4C00A1222B /* BudgetsTableViewController.swift */,
				30AADFA02277CC7700AE95B8 /* LandingViewController.swift */,
				30E163372277E76400A1222B /* TransactionsTableViewController.swift */,
				30EBB51A22791EAE000FE07D /* TransactionTableViewCell.swift */,
				30AADF4E2277CBC200AE95B8 /* Assets.xcassets */,
				30AADF502277CBC200AE95B8 /* LaunchScreen.storyboard */,
				30AADF4B2277CBC100AE95B8 /* Main.storyboard */,
			);
			path = "SwiftYNAB-demo";
			sourceTree = "<group>";
		};
		30AADFA22277CCBD00AE95B8 /* Frameworks */ = {
			isa = PBXGroup;
			children = (
				30AADFA32277CCBD00AE95B8 /* SwiftYNAB.framework */,
			);
			name = Frameworks;
			sourceTree = "<group>";
		};
/* End PBXGroup section */

/* Begin PBXNativeTarget section */
		30AADF432277CBC100AE95B8 /* SwiftYNAB-demo */ = {
			isa = PBXNativeTarget;
			buildConfigurationList = 30AADF562277CBC200AE95B8 /* Build configuration list for PBXNativeTarget "SwiftYNAB-demo" */;
			buildPhases = (
				30AADF402277CBC100AE95B8 /* Sources */,
				30AADF412277CBC100AE95B8 /* Frameworks */,
				30AADF422277CBC100AE95B8 /* Resources */,
			);
			buildRules = (
			);
			dependencies = (
			);
			name = "SwiftYNAB-demo";
			productName = "SwiftYNAB-demo";
			productReference = 30AADF442277CBC100AE95B8 /* SwiftYNAB-demo.app */;
			productType = "com.apple.product-type.application";
		};
/* End PBXNativeTarget section */

/* Begin PBXProject section */
		30AADF3C2277CBC100AE95B8 /* Project object */ = {
			isa = PBXProject;
			attributes = {
				LastSwiftUpdateCheck = 1020;
				LastUpgradeCheck = 1400;
				ORGANIZATIONNAME = "Andre Bocchini";
				TargetAttributes = {
					30AADF432277CBC100AE95B8 = {
						CreatedOnToolsVersion = 10.2.1;
					};
				};
			};
			buildConfigurationList = 30AADF3F2277CBC100AE95B8 /* Build configuration list for PBXProject "SwiftYNAB-demo" */;
			compatibilityVersion = "Xcode 9.3";
			developmentRegion = en;
			hasScannedForEncodings = 0;
			knownRegions = (
				en,
				Base,
			);
			mainGroup = 30AADF3B2277CBC100AE95B8;
			productRefGroup = 30AADF452277CBC100AE95B8 /* Products */;
			projectDirPath = "";
			projectRoot = "";
			targets = (
				30AADF432277CBC100AE95B8 /* SwiftYNAB-demo */,
			);
		};
/* End PBXProject section */

/* Begin PBXResourcesBuildPhase section */
		30AADF422277CBC100AE95B8 /* Resources */ = {
			isa = PBXResourcesBuildPhase;
			buildActionMask = 2147483647;
			files = (
				30AADF522277CBC200AE95B8 /* LaunchScreen.storyboard in Resources */,
				30AADF4F2277CBC200AE95B8 /* Assets.xcassets in Resources */,
				30AADF4D2277CBC100AE95B8 /* Main.storyboard in Resources */,
			);
			runOnlyForDeploymentPostprocessing = 0;
		};
/* End PBXResourcesBuildPhase section */

/* Begin PBXSourcesBuildPhase section */
		30AADF402277CBC100AE95B8 /* Sources */ = {
			isa = PBXSourcesBuildPhase;
			buildActionMask = 2147483647;
			files = (
				30E163382277E76400A1222B /* TransactionsTableViewController.swift in Sources */,
				30AADFA12277CC7800AE95B8 /* LandingViewController.swift in Sources */,
				30E163342277DFD600A1222B /* AccountsTableViewController.swift in Sources */,
				30AADF482277CBC100AE95B8 /* AppDelegate.swift in Sources */,
				30EBB51B22791EAE000FE07D /* TransactionTableViewCell.swift in Sources */,
				30E163322277DA4C00A1222B /* BudgetsTableViewController.swift in Sources */,
			);
			runOnlyForDeploymentPostprocessing = 0;
		};
/* End PBXSourcesBuildPhase section */

/* Begin PBXVariantGroup section */
		30AADF4B2277CBC100AE95B8 /* Main.storyboard */ = {
			isa = PBXVariantGroup;
			children = (
				30AADF4C2277CBC100AE95B8 /* Base */,
			);
			name = Main.storyboard;
			sourceTree = "<group>";
		};
		30AADF502277CBC200AE95B8 /* LaunchScreen.storyboard */ = {
			isa = PBXVariantGroup;
			children = (
				30AADF512277CBC200AE95B8 /* Base */,
			);
			name = LaunchScreen.storyboard;
			sourceTree = "<group>";
		};
/* End PBXVariantGroup section */

/* Begin XCBuildConfiguration section */
		30AADF542277CBC200AE95B8 /* Debug */ = {
			isa = XCBuildConfiguration;
			buildSettings = {
				ALWAYS_SEARCH_USER_PATHS = NO;
				CLANG_ANALYZER_NONNULL = YES;
				CLANG_ANALYZER_NUMBER_OBJECT_CONVERSION = YES_AGGRESSIVE;
				CLANG_CXX_LANGUAGE_STANDARD = "gnu++14";
				CLANG_CXX_LIBRARY = "libc++";
				CLANG_ENABLE_MODULES = YES;
				CLANG_ENABLE_OBJC_ARC = YES;
				CLANG_ENABLE_OBJC_WEAK = YES;
				CLANG_WARN_BLOCK_CAPTURE_AUTORELEASING = YES;
				CLANG_WARN_BOOL_CONVERSION = YES;
				CLANG_WARN_COMMA = YES;
				CLANG_WARN_CONSTANT_CONVERSION = YES;
				CLANG_WARN_DEPRECATED_OBJC_IMPLEMENTATIONS = YES;
				CLANG_WARN_DIRECT_OBJC_ISA_USAGE = YES_ERROR;
				CLANG_WARN_DOCUMENTATION_COMMENTS = YES;
				CLANG_WARN_EMPTY_BODY = YES;
				CLANG_WARN_ENUM_CONVERSION = YES;
				CLANG_WARN_INFINITE_RECURSION = YES;
				CLANG_WARN_INT_CONVERSION = YES;
				CLANG_WARN_NON_LITERAL_NULL_CONVERSION = YES;
				CLANG_WARN_OBJC_IMPLICIT_RETAIN_SELF = YES;
				CLANG_WARN_OBJC_LITERAL_CONVERSION = YES;
				CLANG_WARN_OBJC_ROOT_CLASS = YES_ERROR;
				CLANG_WARN_QUOTED_INCLUDE_IN_FRAMEWORK_HEADER = YES;
				CLANG_WARN_RANGE_LOOP_ANALYSIS = YES;
				CLANG_WARN_STRICT_PROTOTYPES = YES;
				CLANG_WARN_SUSPICIOUS_MOVE = YES;
				CLANG_WARN_UNGUARDED_AVAILABILITY = YES_AGGRESSIVE;
				CLANG_WARN_UNREACHABLE_CODE = YES;
				CLANG_WARN__DUPLICATE_METHOD_MATCH = YES;
				CODE_SIGN_IDENTITY = "iPhone Developer";
				COPY_PHASE_STRIP = NO;
				DEBUG_INFORMATION_FORMAT = dwarf;
				ENABLE_STRICT_OBJC_MSGSEND = YES;
				ENABLE_TESTABILITY = YES;
				GCC_C_LANGUAGE_STANDARD = gnu11;
				GCC_DYNAMIC_NO_PIC = NO;
				GCC_NO_COMMON_BLOCKS = YES;
				GCC_OPTIMIZATION_LEVEL = 0;
				GCC_PREPROCESSOR_DEFINITIONS = (
					"DEBUG=1",
					"$(inherited)",
				);
				GCC_WARN_64_TO_32_BIT_CONVERSION = YES;
				GCC_WARN_ABOUT_RETURN_TYPE = YES_ERROR;
				GCC_WARN_UNDECLARED_SELECTOR = YES;
				GCC_WARN_UNINITIALIZED_AUTOS = YES_AGGRESSIVE;
				GCC_WARN_UNUSED_FUNCTION = YES;
				GCC_WARN_UNUSED_VARIABLE = YES;
				IPHONEOS_DEPLOYMENT_TARGET = 15.0;
				MTL_ENABLE_DEBUG_INFO = INCLUDE_SOURCE;
				MTL_FAST_MATH = YES;
				ONLY_ACTIVE_ARCH = YES;
				SDKROOT = iphoneos;
				SWIFT_ACTIVE_COMPILATION_CONDITIONS = DEBUG;
				SWIFT_OPTIMIZATION_LEVEL = "-Onone";
			};
			name = Debug;
		};
		30AADF552277CBC200AE95B8 /* Release */ = {
			isa = XCBuildConfiguration;
			buildSettings = {
				ALWAYS_SEARCH_USER_PATHS = NO;
				CLANG_ANALYZER_NONNULL = YES;
				CLANG_ANALYZER_NUMBER_OBJECT_CONVERSION = YES_AGGRESSIVE;
				CLANG_CXX_LANGUAGE_STANDARD = "gnu++14";
				CLANG_CXX_LIBRARY = "libc++";
				CLANG_ENABLE_MODULES = YES;
				CLANG_ENABLE_OBJC_ARC = YES;
				CLANG_ENABLE_OBJC_WEAK = YES;
				CLANG_WARN_BLOCK_CAPTURE_AUTORELEASING = YES;
				CLANG_WARN_BOOL_CONVERSION = YES;
				CLANG_WARN_COMMA = YES;
				CLANG_WARN_CONSTANT_CONVERSION = YES;
				CLANG_WARN_DEPRECATED_OBJC_IMPLEMENTATIONS = YES;
				CLANG_WARN_DIRECT_OBJC_ISA_USAGE = YES_ERROR;
				CLANG_WARN_DOCUMENTATION_COMMENTS = YES;
				CLANG_WARN_EMPTY_BODY = YES;
				CLANG_WARN_ENUM_CONVERSION = YES;
				CLANG_WARN_INFINITE_RECURSION = YES;
				CLANG_WARN_INT_CONVERSION = YES;
				CLANG_WARN_NON_LITERAL_NULL_CONVERSION = YES;
				CLANG_WARN_OBJC_IMPLICIT_RETAIN_SELF = YES;
				CLANG_WARN_OBJC_LITERAL_CONVERSION = YES;
				CLANG_WARN_OBJC_ROOT_CLASS = YES_ERROR;
				CLANG_WARN_QUOTED_INCLUDE_IN_FRAMEWORK_HEADER = YES;
				CLANG_WARN_RANGE_LOOP_ANALYSIS = YES;
				CLANG_WARN_STRICT_PROTOTYPES = YES;
				CLANG_WARN_SUSPICIOUS_MOVE = YES;
				CLANG_WARN_UNGUARDED_AVAILABILITY = YES_AGGRESSIVE;
				CLANG_WARN_UNREACHABLE_CODE = YES;
				CLANG_WARN__DUPLICATE_METHOD_MATCH = YES;
				CODE_SIGN_IDENTITY = "iPhone Developer";
				COPY_PHASE_STRIP = NO;
				DEBUG_INFORMATION_FORMAT = "dwarf-with-dsym";
				ENABLE_NS_ASSERTIONS = NO;
				ENABLE_STRICT_OBJC_MSGSEND = YES;
				GCC_C_LANGUAGE_STANDARD = gnu11;
				GCC_NO_COMMON_BLOCKS = YES;
				GCC_WARN_64_TO_32_BIT_CONVERSION = YES;
				GCC_WARN_ABOUT_RETURN_TYPE = YES_ERROR;
				GCC_WARN_UNDECLARED_SELECTOR = YES;
				GCC_WARN_UNINITIALIZED_AUTOS = YES_AGGRESSIVE;
				GCC_WARN_UNUSED_FUNCTION = YES;
				GCC_WARN_UNUSED_VARIABLE = YES;
				IPHONEOS_DEPLOYMENT_TARGET = 15.0;
				MTL_ENABLE_DEBUG_INFO = NO;
				MTL_FAST_MATH = YES;
				SDKROOT = iphoneos;
				SWIFT_COMPILATION_MODE = wholemodule;
				SWIFT_OPTIMIZATION_LEVEL = "-O";
				VALIDATE_PRODUCT = YES;
			};
			name = Release;
		};
		30AADF572277CBC200AE95B8 /* Debug */ = {
			isa = XCBuildConfiguration;
			buildSettings = {
				ASSETCATALOG_COMPILER_APPICON_NAME = AppIcon;
				CODE_SIGN_STYLE = Automatic;
				DEVELOPMENT_TEAM = 82638A44Y2;
				INFOPLIST_FILE = "SwiftYNAB-demo/Info.plist";
				LD_RUNPATH_SEARCH_PATHS = (
					"$(inherited)",
					"@executable_path/Frameworks",
				);
				PRODUCT_BUNDLE_IDENTIFIER = "com.andrebocchini.SwiftYNAB-demo";
				PRODUCT_NAME = "$(TARGET_NAME)";
				SWIFT_VERSION = 5.0;
				TARGETED_DEVICE_FAMILY = "1,2";
			};
			name = Debug;
		};
		30AADF582277CBC200AE95B8 /* Release */ = {
			isa = XCBuildConfiguration;
			buildSettings = {
				ASSETCATALOG_COMPILER_APPICON_NAME = AppIcon;
				CODE_SIGN_STYLE = Automatic;
				DEVELOPMENT_TEAM = 82638A44Y2;
				INFOPLIST_FILE = "SwiftYNAB-demo/Info.plist";
				LD_RUNPATH_SEARCH_PATHS = (
					"$(inherited)",
					"@executable_path/Frameworks",
				);
				PRODUCT_BUNDLE_IDENTIFIER = "com.andrebocchini.SwiftYNAB-demo";
				PRODUCT_NAME = "$(TARGET_NAME)";
				SWIFT_VERSION = 5.0;
				TARGETED_DEVICE_FAMILY = "1,2";
			};
			name = Release;
		};
/* End XCBuildConfiguration section */

/* Begin XCConfigurationList section */
		30AADF3F2277CBC100AE95B8 /* Build configuration list for PBXProject "SwiftYNAB-demo" */ = {
			isa = XCConfigurationList;
			buildConfigurations = (
				30AADF542277CBC200AE95B8 /* Debug */,
				30AADF552277CBC200AE95B8 /* Release */,
			);
			defaultConfigurationIsVisible = 0;
			defaultConfigurationName = Release;
		};
		30AADF562277CBC200AE95B8 /* Build configuration list for PBXNativeTarget "SwiftYNAB-demo" */ = {
			isa = XCConfigurationList;
			buildConfigurations = (
				30AADF572277CBC200AE95B8 /* Debug */,
				30AADF582277CBC200AE95B8 /* Release */,
			);
			defaultConfigurationIsVisible = 0;
			defaultConfigurationName = Release;
		};
/* End XCConfigurationList section */
	};
	rootObject = 30AADF3C2277CBC100AE95B8 /* Project object */;
}
