// !$*UTF8*$!
{
	archiveVersion = 1;
	classes = {
	};
	objectVersion = 60;
	objects = {

/* Begin PBXBuildFile section */
		30A3E2C22D875B620038A562 /* SwiftYNAB in Frameworks */ = {isa = PBXBuildFile; productRef = 30A3E2C12D875B620038A562 /* SwiftYNAB */; };
		30B0C4C22D875D7E0077294B /* SwiftYNAB in Frameworks */ = {isa = PBXBuildFile; productRef = 30B0C4C12D875D7E0077294B /* SwiftYNAB */; };
		30B0C4C52D875E020077294B /* SwiftYNAB in Frameworks */ = {isa = PBXBuildFile; productRef = 30B0C4C42D875E020077294B /* SwiftYNAB */; };
		30E6CB872942DF780088A9A3 /* SwiftYNAB_demo_App.swift in Sources */ = {isa = PBXBuildFile; fileRef = 30E6CB862942DF780088A9A3 /* SwiftYNAB_demo_App.swift */; };
		30E6CB892942DF780088A9A3 /* ContentView.swift in Sources */ = {isa = PBXBuildFile; fileRef = 30E6CB882942DF780088A9A3 /* ContentView.swift */; };
		30E6CB8B2942DF790088A9A3 /* Assets.xcassets in Resources */ = {isa = PBXBuildFile; fileRef = 30E6CB8A2942DF790088A9A3 /* Assets.xcassets */; };
		30E6CB8E2942DF790088A9A3 /* Preview Assets.xcassets in Resources */ = {isa = PBXBuildFile; fileRef = 30E6CB8D2942DF790088A9A3 /* Preview Assets.xcassets */; };
		30E6CB952942E1800088A9A3 /* BudgetsView.swift in Sources */ = {isa = PBXBuildFile; fileRef = 30E6CB942942E1800088A9A3 /* BudgetsView.swift */; };
		30E6CB9C294354360088A9A3 /* Budget.swift in Sources */ = {isa = PBXBuildFile; fileRef = 30E6CB9B294354360088A9A3 /* Budget.swift */; };
		30E6CB9E2943551A0088A9A3 /* BudgetViewModel.swift in Sources */ = {isa = PBXBuildFile; fileRef = 30E6CB9D2943551A0088A9A3 /* BudgetViewModel.swift */; };
		30E6CBA02944282E0088A9A3 /* AccountsView.swift in Sources */ = {isa = PBXBuildFile; fileRef = 30E6CB9F2944282E0088A9A3 /* AccountsView.swift */; };
		30E6CBA2294432D00088A9A3 /* Account.swift in Sources */ = {isa = PBXBuildFile; fileRef = 30E6CBA1294432D00088A9A3 /* Account.swift */; };
		30E6CBA42944333D0088A9A3 /* AccountsViewModel.swift in Sources */ = {isa = PBXBuildFile; fileRef = 30E6CBA32944333D0088A9A3 /* AccountsViewModel.swift */; };
		30E6CBA6294435990088A9A3 /* AccountRowView.swift in Sources */ = {isa = PBXBuildFile; fileRef = 30E6CBA5294435990088A9A3 /* AccountRowView.swift */; };
		30E6CBA8294439B20088A9A3 /* TransactionsView.swift in Sources */ = {isa = PBXBuildFile; fileRef = 30E6CBA7294439B20088A9A3 /* TransactionsView.swift */; };
		30E6CBAA294439CA0088A9A3 /* TransactionsViewModel.swift in Sources */ = {isa = PBXBuildFile; fileRef = 30E6CBA9294439CA0088A9A3 /* TransactionsViewModel.swift */; };
		30E6CBAC294439ED0088A9A3 /* Transaction.swift in Sources */ = {isa = PBXBuildFile; fileRef = 30E6CBAB294439ED0088A9A3 /* Transaction.swift */; };
		30E6CBAE29443D4B0088A9A3 /* TransactionRowView.swift in Sources */ = {isa = PBXBuildFile; fileRef = 30E6CBAD29443D4B0088A9A3 /* TransactionRowView.swift */; };
		30EB47652D7E7B8100CF8F1C /* SwiftYNAB in Frameworks */ = {isa = PBXBuildFile; productRef = 30EB47642D7E7B8100CF8F1C /* SwiftYNAB */; };
/* End PBXBuildFile section */

/* Begin PBXFileReference section */
		30E6CB832942DF780088A9A3 /* SwiftYNAB-demo.app */ = {isa = PBXFileReference; explicitFileType = wrapper.application; includeInIndex = 0; path = "SwiftYNAB-demo.app"; sourceTree = BUILT_PRODUCTS_DIR; };
		30E6CB862942DF780088A9A3 /* SwiftYNAB_demo_App.swift */ = {isa = PBXFileReference; lastKnownFileType = sourcecode.swift; path = SwiftYNAB_demo_App.swift; sourceTree = "<group>"; };
		30E6CB882942DF780088A9A3 /* ContentView.swift */ = {isa = PBXFileReference; lastKnownFileType = sourcecode.swift; path = ContentView.swift; sourceTree = "<group>"; };
		30E6CB8A2942DF790088A9A3 /* Assets.xcassets */ = {isa = PBXFileReference; lastKnownFileType = folder.assetcatalog; path = Assets.xcassets; sourceTree = "<group>"; };
		30E6CB8D2942DF790088A9A3 /* Preview Assets.xcassets */ = {isa = PBXFileReference; lastKnownFileType = folder.assetcatalog; path = "Preview Assets.xcassets"; sourceTree = "<group>"; };
		30E6CB942942E1800088A9A3 /* BudgetsView.swift */ = {isa = PBXFileReference; lastKnownFileType = sourcecode.swift; path = BudgetsView.swift; sourceTree = "<group>"; };
		30E6CB9B294354360088A9A3 /* Budget.swift */ = {isa = PBXFileReference; lastKnownFileType = sourcecode.swift; path = Budget.swift; sourceTree = "<group>"; };
		30E6CB9D2943551A0088A9A3 /* BudgetViewModel.swift */ = {isa = PBXFileReference; lastKnownFileType = sourcecode.swift; path = BudgetViewModel.swift; sourceTree = "<group>"; };
		30E6CB9F2944282E0088A9A3 /* AccountsView.swift */ = {isa = PBXFileReference; lastKnownFileType = sourcecode.swift; path = AccountsView.swift; sourceTree = "<group>"; };
		30E6CBA1294432D00088A9A3 /* Account.swift */ = {isa = PBXFileReference; lastKnownFileType = sourcecode.swift; path = Account.swift; sourceTree = "<group>"; };
		30E6CBA32944333D0088A9A3 /* AccountsViewModel.swift */ = {isa = PBXFileReference; lastKnownFileType = sourcecode.swift; path = AccountsViewModel.swift; sourceTree = "<group>"; };
		30E6CBA5294435990088A9A3 /* AccountRowView.swift */ = {isa = PBXFileReference; lastKnownFileType = sourcecode.swift; path = AccountRowView.swift; sourceTree = "<group>"; };
		30E6CBA7294439B20088A9A3 /* TransactionsView.swift */ = {isa = PBXFileReference; lastKnownFileType = sourcecode.swift; path = TransactionsView.swift; sourceTree = "<group>"; };
		30E6CBA9294439CA0088A9A3 /* TransactionsViewModel.swift */ = {isa = PBXFileReference; lastKnownFileType = sourcecode.swift; path = TransactionsViewModel.swift; sourceTree = "<group>"; };
		30E6CBAB294439ED0088A9A3 /* Transaction.swift */ = {isa = PBXFileReference; lastKnownFileType = sourcecode.swift; path = Transaction.swift; sourceTree = "<group>"; };
		30E6CBAD29443D4B0088A9A3 /* TransactionRowView.swift */ = {isa = PBXFileReference; lastKnownFileType = sourcecode.swift; path = TransactionRowView.swift; sourceTree = "<group>"; };
/* End PBXFileReference section */

/* Begin PBXFrameworksBuildPhase section */
		30E6CB802942DF780088A9A3 /* Frameworks */ = {
			isa = PBXFrameworksBuildPhase;
			buildActionMask = 2147483647;
			files = (
				30B0C4C52D875E020077294B /* SwiftYNAB in Frameworks */,
				30A3E2C22D875B620038A562 /* SwiftYNAB in Frameworks */,
				30EB47652D7E7B8100CF8F1C /* SwiftYNAB in Frameworks */,
				30B0C4C22D875D7E0077294B /* SwiftYNAB in Frameworks */,
			);
			runOnlyForDeploymentPostprocessing = 0;
		};
/* End PBXFrameworksBuildPhase section */

/* Begin PBXGroup section */
		30E6CB7A2942DF780088A9A3 = {
			isa = PBXGroup;
			children = (
				30E6CB852942DF780088A9A3 /* Sources */,
				30E6CB842942DF780088A9A3 /* Products */,
			);
			sourceTree = "<group>";
		};
		30E6CB842942DF780088A9A3 /* Products */ = {
			isa = PBXGroup;
			children = (
				30E6CB832942DF780088A9A3 /* SwiftYNAB-demo.app */,
			);
			name = Products;
			sourceTree = "<group>";
		};
		30E6CB852942DF780088A9A3 /* Sources */ = {
			isa = PBXGroup;
			children = (
				30E6CB862942DF780088A9A3 /* SwiftYNAB_demo_App.swift */,
				30E6CB882942DF780088A9A3 /* ContentView.swift */,
				30E6CBA1294432D00088A9A3 /* Account.swift */,
				30E6CBA5294435990088A9A3 /* AccountRowView.swift */,
				30E6CB9F2944282E0088A9A3 /* AccountsView.swift */,
				30E6CBA32944333D0088A9A3 /* AccountsViewModel.swift */,
				30E6CB9B294354360088A9A3 /* Budget.swift */,
				30E6CB942942E1800088A9A3 /* BudgetsView.swift */,
				30E6CB9D2943551A0088A9A3 /* BudgetViewModel.swift */,
				30E6CBAB294439ED0088A9A3 /* Transaction.swift */,
				30E6CBAD29443D4B0088A9A3 /* TransactionRowView.swift */,
				30E6CBA7294439B20088A9A3 /* TransactionsView.swift */,
				30E6CBA9294439CA0088A9A3 /* TransactionsViewModel.swift */,
				30E6CB8A2942DF790088A9A3 /* Assets.xcassets */,
				30E6CB8C2942DF790088A9A3 /* Preview Content */,
			);
			path = Sources;
			sourceTree = "<group>";
		};
		30E6CB8C2942DF790088A9A3 /* Preview Content */ = {
			isa = PBXGroup;
			children = (
				30E6CB8D2942DF790088A9A3 /* Preview Assets.xcassets */,
			);
			path = "Preview Content";
			sourceTree = "<group>";
		};
/* End PBXGroup section */

/* Begin PBXNativeTarget section */
		30E6CB822942DF780088A9A3 /* SwiftYNAB-demo */ = {
			isa = PBXNativeTarget;
			buildConfigurationList = 30E6CB912942DF790088A9A3 /* Build configuration list for PBXNativeTarget "SwiftYNAB-demo" */;
			buildPhases = (
				30E6CB7F2942DF780088A9A3 /* Sources */,
				30E6CB802942DF780088A9A3 /* Frameworks */,
				30E6CB812942DF780088A9A3 /* Resources */,
			);
			buildRules = (
			);
			dependencies = (
			);
			name = "SwiftYNAB-demo";
			productName = "SwiftYNAB-SwiftUI-demo";
			productReference = 30E6CB832942DF780088A9A3 /* SwiftYNAB-demo.app */;
			productType = "com.apple.product-type.application";
		};
/* End PBXNativeTarget section */

/* Begin PBXProject section */
		30E6CB7B2942DF780088A9A3 /* Project object */ = {
			isa = PBXProject;
			attributes = {
				BuildIndependentTargetsInParallel = 1;
				LastSwiftUpdateCheck = 1410;
				LastUpgradeCheck = 1620;
				TargetAttributes = {
					30E6CB822942DF780088A9A3 = {
						CreatedOnToolsVersion = 14.1;
					};
				};
			};
			buildConfigurationList = 30E6CB7E2942DF780088A9A3 /* Build configuration list for PBXProject "SwiftYNAB-demo" */;
			compatibilityVersion = "Xcode 14.0";
			developmentRegion = en;
			hasScannedForEncodings = 0;
			knownRegions = (
				en,
				Base,
			);
			mainGroup = 30E6CB7A2942DF780088A9A3;
			packageReferences = (
				30B0C4C32D875E020077294B /* XCLocalSwiftPackageReference "../../swiftynab" */,
			);
			productRefGroup = 30E6CB842942DF780088A9A3 /* Products */;
			projectDirPath = "";
			projectRoot = "";
			targets = (
				30E6CB822942DF780088A9A3 /* SwiftYNAB-demo */,
			);
		};
/* End PBXProject section */

/* Begin PBXResourcesBuildPhase section */
		30E6CB812942DF780088A9A3 /* Resources */ = {
			isa = PBXResourcesBuildPhase;
			buildActionMask = 2147483647;
			files = (
				30E6CB8E2942DF790088A9A3 /* Preview Assets.xcassets in Resources */,
				30E6CB8B2942DF790088A9A3 /* Assets.xcassets in Resources */,
			);
			runOnlyForDeploymentPostprocessing = 0;
		};
/* End PBXResourcesBuildPhase section */

/* Begin PBXSourcesBuildPhase section */
		30E6CB7F2942DF780088A9A3 /* Sources */ = {
			isa = PBXSourcesBuildPhase;
			buildActionMask = 2147483647;
			files = (
				30E6CB9E2943551A0088A9A3 /* BudgetViewModel.swift in Sources */,
				30E6CB892942DF780088A9A3 /* ContentView.swift in Sources */,
				30E6CBA02944282E0088A9A3 /* AccountsView.swift in Sources */,
				30E6CBAE29443D4B0088A9A3 /* TransactionRowView.swift in Sources */,
				30E6CB952942E1800088A9A3 /* BudgetsView.swift in Sources */,
				30E6CB9C294354360088A9A3 /* Budget.swift in Sources */,
				30E6CBA8294439B20088A9A3 /* TransactionsView.swift in Sources */,
				30E6CBAC294439ED0088A9A3 /* Transaction.swift in Sources */,
				30E6CBAA294439CA0088A9A3 /* TransactionsViewModel.swift in Sources */,
				30E6CBA6294435990088A9A3 /* AccountRowView.swift in Sources */,
				30E6CB872942DF780088A9A3 /* SwiftYNAB_demo_App.swift in Sources */,
				30E6CBA42944333D0088A9A3 /* AccountsViewModel.swift in Sources */,
				30E6CBA2294432D00088A9A3 /* Account.swift in Sources */,
			);
			runOnlyForDeploymentPostprocessing = 0;
		};
/* End PBXSourcesBuildPhase section */

/* Begin XCBuildConfiguration section */
		30E6CB8F2942DF790088A9A3 /* Debug */ = {
			isa = XCBuildConfiguration;
			buildSettings = {
				ALWAYS_SEARCH_USER_PATHS = NO;
				CLANG_ANALYZER_NONNULL = YES;
				CLANG_ANALYZER_NUMBER_OBJECT_CONVERSION = YES_AGGRESSIVE;
				CLANG_CXX_LANGUAGE_STANDARD = "gnu++20";
				CLANG_ENABLE_MODULES = YES;
				CLANG_ENABLE_OBJC_ARC = YES;
				CLANG_ENABLE_OBJC_WEAK = YES;
				CLANG_WARN_BLOCK_CAPTURE_AUTORELEASING = YES;
				CLANG_WARN_BOOL_CONVERSION = YES;
				CLANG_WARN_COMMA = YES;
				CLANG_WARN_CONSTANT_CONVERSION = YES;
				CLANG_WARN_DEPRECATED_OBJC_IMPLEMENTATIONS = YES;
				CLANG_WARN_DIRECT_OBJC_ISA_USAGE = YES_ERROR;
				CLANG_WARN_DOCUMENTATION_COMMENTS = YES;
				CLANG_WARN_EMPTY_BODY = YES;
				CLANG_WARN_ENUM_CONVERSION = YES;
				CLANG_WARN_INFINITE_RECURSION = YES;
				CLANG_WARN_INT_CONVERSION = YES;
				CLANG_WARN_NON_LITERAL_NULL_CONVERSION = YES;
				CLANG_WARN_OBJC_IMPLICIT_RETAIN_SELF = YES;
				CLANG_WARN_OBJC_LITERAL_CONVERSION = YES;
				CLANG_WARN_OBJC_ROOT_CLASS = YES_ERROR;
				CLANG_WARN_QUOTED_INCLUDE_IN_FRAMEWORK_HEADER = YES;
				CLANG_WARN_RANGE_LOOP_ANALYSIS = YES;
				CLANG_WARN_STRICT_PROTOTYPES = YES;
				CLANG_WARN_SUSPICIOUS_MOVE = YES;
				CLANG_WARN_UNGUARDED_AVAILABILITY = YES_AGGRESSIVE;
				CLANG_WARN_UNREACHABLE_CODE = YES;
				CLANG_WARN__DUPLICATE_METHOD_MATCH = YES;
				COPY_PHASE_STRIP = NO;
				DEBUG_INFORMATION_FORMAT = dwarf;
				ENABLE_STRICT_OBJC_MSGSEND = YES;
				ENABLE_TESTABILITY = YES;
				ENABLE_USER_SCRIPT_SANDBOXING = YES;
				GCC_C_LANGUAGE_STANDARD = gnu11;
				GCC_DYNAMIC_NO_PIC = NO;
				GCC_NO_COMMON_BLOCKS = YES;
				GCC_OPTIMIZATION_LEVEL = 0;
				GCC_PREPROCESSOR_DEFINITIONS = (
					"DEBUG=1",
					"$(inherited)",
				);
				GCC_WARN_64_TO_32_BIT_CONVERSION = YES;
				GCC_WARN_ABOUT_RETURN_TYPE = YES_ERROR;
				GCC_WARN_UNDECLARED_SELECTOR = YES;
				GCC_WARN_UNINITIALIZED_AUTOS = YES_AGGRESSIVE;
				GCC_WARN_UNUSED_FUNCTION = YES;
				GCC_WARN_UNUSED_VARIABLE = YES;
				IPHONEOS_DEPLOYMENT_TARGET = 16.1;
				MTL_ENABLE_DEBUG_INFO = INCLUDE_SOURCE;
				MTL_FAST_MATH = YES;
				ONLY_ACTIVE_ARCH = YES;
				SDKROOT = iphoneos;
				SWIFT_ACTIVE_COMPILATION_CONDITIONS = DEBUG;
				SWIFT_OPTIMIZATION_LEVEL = "-Onone";
			};
			name = Debug;
		};
		30E6CB902942DF790088A9A3 /* Release */ = {
			isa = XCBuildConfiguration;
			buildSettings = {
				ALWAYS_SEARCH_USER_PATHS = NO;
				CLANG_ANALYZER_NONNULL = YES;
				CLANG_ANALYZER_NUMBER_OBJECT_CONVERSION = YES_AGGRESSIVE;
				CLANG_CXX_LANGUAGE_STANDARD = "gnu++20";
				CLANG_ENABLE_MODULES = YES;
				CLANG_ENABLE_OBJC_ARC = YES;
				CLANG_ENABLE_OBJC_WEAK = YES;
				CLANG_WARN_BLOCK_CAPTURE_AUTORELEASING = YES;
				CLANG_WARN_BOOL_CONVERSION = YES;
				CLANG_WARN_COMMA = YES;
				CLANG_WARN_CONSTANT_CONVERSION = YES;
				CLANG_WARN_DEPRECATED_OBJC_IMPLEMENTATIONS = YES;
				CLANG_WARN_DIRECT_OBJC_ISA_USAGE = YES_ERROR;
				CLANG_WARN_DOCUMENTATION_COMMENTS = YES;
				CLANG_WARN_EMPTY_BODY = YES;
				CLANG_WARN_ENUM_CONVERSION = YES;
				CLANG_WARN_INFINITE_RECURSION = YES;
				CLANG_WARN_INT_CONVERSION = YES;
				CLANG_WARN_NON_LITERAL_NULL_CONVERSION = YES;
				CLANG_WARN_OBJC_IMPLICIT_RETAIN_SELF = YES;
				CLANG_WARN_OBJC_LITERAL_CONVERSION = YES;
				CLANG_WARN_OBJC_ROOT_CLASS = YES_ERROR;
				CLANG_WARN_QUOTED_INCLUDE_IN_FRAMEWORK_HEADER = YES;
				CLANG_WARN_RANGE_LOOP_ANALYSIS = YES;
				CLANG_WARN_STRICT_PROTOTYPES = YES;
				CLANG_WARN_SUSPICIOUS_MOVE = YES;
				CLANG_WARN_UNGUARDED_AVAILABILITY = YES_AGGRESSIVE;
				CLANG_WARN_UNREACHABLE_CODE = YES;
				CLANG_WARN__DUPLICATE_METHOD_MATCH = YES;
				COPY_PHASE_STRIP = NO;
				DEBUG_INFORMATION_FORMAT = "dwarf-with-dsym";
				ENABLE_NS_ASSERTIONS = NO;
				ENABLE_STRICT_OBJC_MSGSEND = YES;
				ENABLE_USER_SCRIPT_SANDBOXING = YES;
				GCC_C_LANGUAGE_STANDARD = gnu11;
				GCC_NO_COMMON_BLOCKS = YES;
				GCC_WARN_64_TO_32_BIT_CONVERSION = YES;
				GCC_WARN_ABOUT_RETURN_TYPE = YES_ERROR;
				GCC_WARN_UNDECLARED_SELECTOR = YES;
				GCC_WARN_UNINITIALIZED_AUTOS = YES_AGGRESSIVE;
				GCC_WARN_UNUSED_FUNCTION = YES;
				GCC_WARN_UNUSED_VARIABLE = YES;
				IPHONEOS_DEPLOYMENT_TARGET = 16.1;
				MTL_ENABLE_DEBUG_INFO = NO;
				MTL_FAST_MATH = YES;
				SDKROOT = iphoneos;
				SWIFT_COMPILATION_MODE = wholemodule;
				SWIFT_OPTIMIZATION_LEVEL = "-O";
				VALIDATE_PRODUCT = YES;
			};
			name = Release;
		};
		30E6CB922942DF790088A9A3 /* Debug */ = {
			isa = XCBuildConfiguration;
			buildSettings = {
				ASSETCATALOG_COMPILER_APPICON_NAME = AppIcon;
				ASSETCATALOG_COMPILER_GLOBAL_ACCENT_COLOR_NAME = AccentColor;
				CODE_SIGN_STYLE = Manual;
				CURRENT_PROJECT_VERSION = 1;
				DEVELOPMENT_ASSET_PATHS = "\"Sources/Preview Content\"";
				DEVELOPMENT_TEAM = "";
				ENABLE_PREVIEWS = YES;
				GENERATE_INFOPLIST_FILE = YES;
				INFOPLIST_KEY_UIApplicationSceneManifest_Generation = YES;
				INFOPLIST_KEY_UIApplicationSupportsIndirectInputEvents = YES;
				INFOPLIST_KEY_UILaunchScreen_Generation = YES;
				INFOPLIST_KEY_UISupportedInterfaceOrientations_iPad = "UIInterfaceOrientationPortrait UIInterfaceOrientationPortraitUpsideDown UIInterfaceOrientationLandscapeLeft UIInterfaceOrientationLandscapeRight";
				INFOPLIST_KEY_UISupportedInterfaceOrientations_iPhone = "UIInterfaceOrientationPortrait UIInterfaceOrientationLandscapeLeft UIInterfaceOrientationLandscapeRight";
				LD_RUNPATH_SEARCH_PATHS = (
					"$(inherited)",
					"@executable_path/Frameworks",
				);
				MARKETING_VERSION = 1.0;
				PRODUCT_BUNDLE_IDENTIFIER = "com.andrebocchini.swiftynab-demo";
				PRODUCT_NAME = "$(TARGET_NAME)";
				PROVISIONING_PROFILE_SPECIFIER = "";
				SWIFT_EMIT_LOC_STRINGS = YES;
				SWIFT_VERSION = 5.0;
				TARGETED_DEVICE_FAMILY = "1,2";
			};
			name = Debug;
		};
		30E6CB932942DF790088A9A3 /* Release */ = {
			isa = XCBuildConfiguration;
			buildSettings = {
				ASSETCATALOG_COMPILER_APPICON_NAME = AppIcon;
				ASSETCATALOG_COMPILER_GLOBAL_ACCENT_COLOR_NAME = AccentColor;
				CODE_SIGN_STYLE = Manual;
				CURRENT_PROJECT_VERSION = 1;
				DEVELOPMENT_ASSET_PATHS = "\"Sources/Preview Content\"";
				DEVELOPMENT_TEAM = "";
				ENABLE_PREVIEWS = YES;
				GENERATE_INFOPLIST_FILE = YES;
				INFOPLIST_KEY_UIApplicationSceneManifest_Generation = YES;
				INFOPLIST_KEY_UIApplicationSupportsIndirectInputEvents = YES;
				INFOPLIST_KEY_UILaunchScreen_Generation = YES;
				INFOPLIST_KEY_UISupportedInterfaceOrientations_iPad = "UIInterfaceOrientationPortrait UIInterfaceOrientationPortraitUpsideDown UIInterfaceOrientationLandscapeLeft UIInterfaceOrientationLandscapeRight";
				INFOPLIST_KEY_UISupportedInterfaceOrientations_iPhone = "UIInterfaceOrientationPortrait UIInterfaceOrientationLandscapeLeft UIInterfaceOrientationLandscapeRight";
				LD_RUNPATH_SEARCH_PATHS = (
					"$(inherited)",
					"@executable_path/Frameworks",
				);
				MARKETING_VERSION = 1.0;
				PRODUCT_BUNDLE_IDENTIFIER = "com.andrebocchini.swiftynab-demo";
				PRODUCT_NAME = "$(TARGET_NAME)";
				PROVISIONING_PROFILE_SPECIFIER = "";
				SWIFT_EMIT_LOC_STRINGS = YES;
				SWIFT_VERSION = 5.0;
				TARGETED_DEVICE_FAMILY = "1,2";
			};
			name = Release;
		};
/* End XCBuildConfiguration section */

/* Begin XCConfigurationList section */
		30E6CB7E2942DF780088A9A3 /* Build configuration list for PBXProject "SwiftYNAB-demo" */ = {
			isa = XCConfigurationList;
			buildConfigurations = (
				30E6CB8F2942DF790088A9A3 /* Debug */,
				30E6CB902942DF790088A9A3 /* Release */,
			);
			defaultConfigurationIsVisible = 0;
			defaultConfigurationName = Release;
		};
		30E6CB912942DF790088A9A3 /* Build configuration list for PBXNativeTarget "SwiftYNAB-demo" */ = {
			isa = XCConfigurationList;
			buildConfigurations = (
				30E6CB922942DF790088A9A3 /* Debug */,
				30E6CB932942DF790088A9A3 /* Release */,
			);
			defaultConfigurationIsVisible = 0;
			defaultConfigurationName = Release;
		};
/* End XCConfigurationList section */

/* Begin XCLocalSwiftPackageReference section */
		30B0C4C32D875E020077294B /* XCLocalSwiftPackageReference "../../swiftynab" */ = {
			isa = XCLocalSwiftPackageReference;
			relativePath = ../../swiftynab;
		};
/* End XCLocalSwiftPackageReference section */

/* Begin XCRemoteSwiftPackageReference section */
		30A3E2C02D875B620038A562 /* XCRemoteSwiftPackageReference "swiftynab" */ = {
			isa = XCRemoteSwiftPackageReference;
			repositoryURL = "https://github.com/andrebocchini/swiftynab";
			requirement = {
				kind = upToNextMajorVersion;
				minimumVersion = 2.1.2;
			};
		};
		30EB47632D7E7B8100CF8F1C /* XCRemoteSwiftPackageReference "swiftynab" */ = {
			isa = XCRemoteSwiftPackageReference;
			repositoryURL = "https://github.com/andrebocchini/swiftynab";
			requirement = {
				kind = upToNextMajorVersion;
				minimumVersion = 2.1.2;
			};
		};
/* End XCRemoteSwiftPackageReference section */

/* Begin XCSwiftPackageProductDependency section */
		30A3E2C12D875B620038A562 /* SwiftYNAB */ = {
			isa = XCSwiftPackageProductDependency;
			package = 30A3E2C02D875B620038A562 /* XCRemoteSwiftPackageReference "swiftynab" */;
			productName = SwiftYNAB;
		};
		30B0C4C12D875D7E0077294B /* SwiftYNAB */ = {
			isa = XCSwiftPackageProductDependency;
			productName = SwiftYNAB;
		};
		30B0C4C42D875E020077294B /* SwiftYNAB */ = {
			isa = XCSwiftPackageProductDependency;
			productName = SwiftYNAB;
		};
		30EB47642D7E7B8100CF8F1C /* SwiftYNAB */ = {
			isa = XCSwiftPackageProductDependency;
			package = 30EB47632D7E7B8100CF8F1C /* XCRemoteSwiftPackageReference "swiftynab" */;
			productName = SwiftYNAB;
		};
/* End XCSwiftPackageProductDependency section */
	};
	rootObject = 30E6CB7B2942DF780088A9A3 /* Project object */;
}
